
Microsoft Visual Studio Solution File, Format Version 12.00
# Visual Studio 14
VisualStudioVersion = 14.0.25420.1
MinimumVisualStudioVersion = 10.0.40219.1
Project("{FAE04EC0-301F-11D3-BF4B-00C04F79EFBC}") = "MeetingOnTime", "MeetingTimer\MeetingOnTime.csproj", "{987F50C7-AE2A-4F9B-B0F2-DF929DA932F3}"
EndProject
Project("{FAE04EC0-301F-11D3-BF4B-00C04F79EFBC}") = "WindowsFormsMeetingOnTime", "WindowsFormsMeetingTimer\WindowsFormsMeetingOnTime.csproj", "{86C34B26-05D4-4E6A-9997-3EEBD38E8F03}"
EndProject
Global
	GlobalSection(SolutionConfigurationPlatforms) = preSolution
		Debug|Any CPU = Debug|Any CPU
		Release|Any CPU = Release|Any CPU
	EndGlobalSection
	GlobalSection(ProjectConfigurationPlatforms) = postSolution
		{987F50C7-AE2A-4F9B-B0F2-DF929DA932F3}.Debug|Any CPU.ActiveCfg = Debug|Any CPU
		{987F50C7-AE2A-4F9B-B0F2-DF929DA932F3}.Debug|Any CPU.Build.0 = Debug|Any CPU
		{987F50C7-AE2A-4F9B-B0F2-DF929DA932F3}.Release|Any CPU.ActiveCfg = Release|Any CPU
		{987F50C7-AE2A-4F9B-B0F2-DF929DA932F3}.Release|Any CPU.Build.0 = Release|Any CPU
		{86C34B26-05D4-4E6A-9997-3EEBD38E8F03}.Debug|Any CPU.ActiveCfg = Debug|Any CPU
		{86C34B26-05D4-4E6A-9997-3EEBD38E8F03}.Debug|Any CPU.Build.0 = Debug|Any CPU
		{86C34B26-05D4-4E6A-9997-3EEBD38E8F03}.Release|Any CPU.ActiveCfg = Release|Any CPU
		{86C34B26-05D4-4E6A-9997-3EEBD38E8F03}.Release|Any CPU.Build.0 = Release|Any CPU
	EndGlobalSection
	GlobalSection(SolutionProperties) = preSolution
		HideSolutionNode = FALSE
	EndGlobalSection
EndGlobal
