
Microsoft Visual Studio Solution File, Format Version 12.00
# Visual Studio Version 16
VisualStudioVersion = 16.0.29215.179
MinimumVisualStudioVersion = 10.0.40219.1
Project("{FAE04EC0-301F-11D3-BF4B-00C04F79EFBC}") = "MeetingOnTime.Services", "MeetingOnTime.Services\MeetingOnTime.Services.csproj", "{C6D046DE-FAC2-4C78-BCDC-6728D9CD0F86}"
EndProject
Project("{FAE04EC0-301F-11D3-BF4B-00C04F79EFBC}") = "MeetingOnTime.Repositories", "MeetingOnTime.Repositories\MeetingOnTime.Repositories.csproj", "{8666BCE8-03B5-4A9B-982C-98B320DDE340}"
EndProject
Project("{FAE04EC0-301F-11D3-BF4B-00C04F79EFBC}") = "MeetingOnTime.Repositories.Contracts", "MeetingOnTime.Repositories.Contracts\MeetingOnTime.Repositories.Contracts.csproj", "{F5435F5A-CD76-41D1-B42A-BB309666B708}"
EndProject
Project("{FAE04EC0-301F-11D3-BF4B-00C04F79EFBC}") = "MeetingOnTime.Services.Contracts", "MeetingOnTime.Services.Contracts\MeetingOnTime.Services.Contracts.csproj", "{844F0397-E856-4DE3-B909-EFD027BB204B}"
EndProject
Project("{FAE04EC0-301F-11D3-BF4B-00C04F79EFBC}") = "MeetingOnTime.ConsoleClient", "MeetingOnTime.ConsoleClient\MeetingOnTime.ConsoleClient.csproj", "{E5CDA1D4-032D-46C3-BBE6-0F64BEE568A7}"
EndProject
Global
	GlobalSection(SolutionConfigurationPlatforms) = preSolution
		Debug|Any CPU = Debug|Any CPU
		Release|Any CPU = Release|Any CPU
	EndGlobalSection
	GlobalSection(ProjectConfigurationPlatforms) = postSolution
		{C6D046DE-FAC2-4C78-BCDC-6728D9CD0F86}.Debug|Any CPU.ActiveCfg = Debug|Any CPU
		{C6D046DE-FAC2-4C78-BCDC-6728D9CD0F86}.Debug|Any CPU.Build.0 = Debug|Any CPU
		{C6D046DE-FAC2-4C78-BCDC-6728D9CD0F86}.Release|Any CPU.ActiveCfg = Release|Any CPU
		{C6D046DE-FAC2-4C78-BCDC-6728D9CD0F86}.Release|Any CPU.Build.0 = Release|Any CPU
		{8666BCE8-03B5-4A9B-982C-98B320DDE340}.Debug|Any CPU.ActiveCfg = Debug|Any CPU
		{8666BCE8-03B5-4A9B-982C-98B320DDE340}.Debug|Any CPU.Build.0 = Debug|Any CPU
		{8666BCE8-03B5-4A9B-982C-98B320DDE340}.Release|Any CPU.ActiveCfg = Release|Any CPU
		{8666BCE8-03B5-4A9B-982C-98B320DDE340}.Release|Any CPU.Build.0 = Release|Any CPU
		{F5435F5A-CD76-41D1-B42A-BB309666B708}.Debug|Any CPU.ActiveCfg = Debug|Any CPU
		{F5435F5A-CD76-41D1-B42A-BB309666B708}.Debug|Any CPU.Build.0 = Debug|Any CPU
		{F5435F5A-CD76-41D1-B42A-BB309666B708}.Release|Any CPU.ActiveCfg = Release|Any CPU
		{F5435F5A-CD76-41D1-B42A-BB309666B708}.Release|Any CPU.Build.0 = Release|Any CPU
		{844F0397-E856-4DE3-B909-EFD027BB204B}.Debug|Any CPU.ActiveCfg = Debug|Any CPU
		{844F0397-E856-4DE3-B909-EFD027BB204B}.Debug|Any CPU.Build.0 = Debug|Any CPU
		{844F0397-E856-4DE3-B909-EFD027BB204B}.Release|Any CPU.ActiveCfg = Release|Any CPU
		{844F0397-E856-4DE3-B909-EFD027BB204B}.Release|Any CPU.Build.0 = Release|Any CPU
		{E5CDA1D4-032D-46C3-BBE6-0F64BEE568A7}.Debug|Any CPU.ActiveCfg = Debug|Any CPU
		{E5CDA1D4-032D-46C3-BBE6-0F64BEE568A7}.Debug|Any CPU.Build.0 = Debug|Any CPU
		{E5CDA1D4-032D-46C3-BBE6-0F64BEE568A7}.Release|Any CPU.ActiveCfg = Release|Any CPU
		{E5CDA1D4-032D-46C3-BBE6-0F64BEE568A7}.Release|Any CPU.Build.0 = Release|Any CPU
	EndGlobalSection
	GlobalSection(SolutionProperties) = preSolution
		HideSolutionNode = FALSE
	EndGlobalSection
	GlobalSection(ExtensibilityGlobals) = postSolution
		SolutionGuid = {9C378506-3606-4BDE-8A01-2988719E2CBD}
	EndGlobalSection
EndGlobal
